
Microsoft Visual Studio Solution File, Format Version 12.00
# Visual Studio Version 16
VisualStudioVersion = 16.0.810.9
MinimumVisualStudioVersion = 10.0.40219.1
Project("{FAE04EC0-301F-11D3-BF4B-00C04F79EFBC}") = "Xtra", "Xtra\Xtra.csproj", "{0FC3CEEC-EF7A-474C-84F9-DF080B42E567}"
EndProject
Project("{FAE04EC0-301F-11D3-BF4B-00C04F79EFBC}") = "Main01", "Main01\Main01.csproj", "{2CB10C21-60E5-43FE-8920-429C807625E0}"
EndProject
Project("{FAE04EC0-301F-11D3-BF4B-00C04F79EFBC}") = "Main02", "Main02\Main02.csproj", "{5FE0AD29-36D8-4AF6-ADD9-255DFCDC8DF2}"
EndProject
Project("{FAE04EC0-301F-11D3-BF4B-00C04F79EFBC}") = "Main03", "Main03\Main03.csproj", "{B5A6236B-8EAA-4D12-A661-9D4980C8A3C4}"
EndProject
Project("{FAE04EC0-301F-11D3-BF4B-00C04F79EFBC}") = "Main04", "Main04\Main04.csproj", "{4A1CB50F-98FD-4545-BD97-06A5B27242DF}"
EndProject
Global
	GlobalSection(SolutionConfigurationPlatforms) = preSolution
		Debug|Any CPU = Debug|Any CPU
		Release|Any CPU = Release|Any CPU
	EndGlobalSection
	GlobalSection(ProjectConfigurationPlatforms) = postSolution
		{0FC3CEEC-EF7A-474C-84F9-DF080B42E567}.Debug|Any CPU.ActiveCfg = Debug|Any CPU
		{0FC3CEEC-EF7A-474C-84F9-DF080B42E567}.Debug|Any CPU.Build.0 = Debug|Any CPU
		{0FC3CEEC-EF7A-474C-84F9-DF080B42E567}.Release|Any CPU.ActiveCfg = Release|Any CPU
		{0FC3CEEC-EF7A-474C-84F9-DF080B42E567}.Release|Any CPU.Build.0 = Release|Any CPU
		{2CB10C21-60E5-43FE-8920-429C807625E0}.Debug|Any CPU.ActiveCfg = Debug|Any CPU
		{2CB10C21-60E5-43FE-8920-429C807625E0}.Debug|Any CPU.Build.0 = Debug|Any CPU
		{2CB10C21-60E5-43FE-8920-429C807625E0}.Release|Any CPU.ActiveCfg = Release|Any CPU
		{2CB10C21-60E5-43FE-8920-429C807625E0}.Release|Any CPU.Build.0 = Release|Any CPU
		{5FE0AD29-36D8-4AF6-ADD9-255DFCDC8DF2}.Debug|Any CPU.ActiveCfg = Debug|Any CPU
		{5FE0AD29-36D8-4AF6-ADD9-255DFCDC8DF2}.Debug|Any CPU.Build.0 = Debug|Any CPU
		{5FE0AD29-36D8-4AF6-ADD9-255DFCDC8DF2}.Release|Any CPU.ActiveCfg = Release|Any CPU
		{5FE0AD29-36D8-4AF6-ADD9-255DFCDC8DF2}.Release|Any CPU.Build.0 = Release|Any CPU
		{B5A6236B-8EAA-4D12-A661-9D4980C8A3C4}.Debug|Any CPU.ActiveCfg = Debug|Any CPU
		{B5A6236B-8EAA-4D12-A661-9D4980C8A3C4}.Debug|Any CPU.Build.0 = Debug|Any CPU
		{B5A6236B-8EAA-4D12-A661-9D4980C8A3C4}.Release|Any CPU.ActiveCfg = Release|Any CPU
		{B5A6236B-8EAA-4D12-A661-9D4980C8A3C4}.Release|Any CPU.Build.0 = Release|Any CPU
		{4A1CB50F-98FD-4545-BD97-06A5B27242DF}.Debug|Any CPU.ActiveCfg = Debug|Any CPU
		{4A1CB50F-98FD-4545-BD97-06A5B27242DF}.Debug|Any CPU.Build.0 = Debug|Any CPU
		{4A1CB50F-98FD-4545-BD97-06A5B27242DF}.Release|Any CPU.ActiveCfg = Release|Any CPU
		{4A1CB50F-98FD-4545-BD97-06A5B27242DF}.Release|Any CPU.Build.0 = Release|Any CPU
	EndGlobalSection
	GlobalSection(SolutionProperties) = preSolution
		HideSolutionNode = FALSE
	EndGlobalSection
	GlobalSection(ExtensibilityGlobals) = postSolution
		SolutionGuid = {481683FC-BF59-4C62-B802-94B360F7481A}
	EndGlobalSection
EndGlobal
